
Microsoft Visual Studio Solution File, Format Version 12.00
# Visual Studio Version 16
VisualStudioVersion = 16.0.31105.61
MinimumVisualStudioVersion = 10.0.40219.1
Project("{8BC9CEB8-8B4A-11D0-8D11-00A0C91BC942}") = "프로그래머스 - 베스트앨범", "프로그래머스 - 베스트앨범\프로그래머스 - 베스트앨범.vcxproj", "{8F859E14-D088-4B4E-98F1-FB0519BC906F}"
EndProject
Global
	GlobalSection(SolutionConfigurationPlatforms) = preSolution
		Debug|x64 = Debug|x64
		Debug|x86 = Debug|x86
		Release|x64 = Release|x64
		Release|x86 = Release|x86
	EndGlobalSection
	GlobalSection(ProjectConfigurationPlatforms) = postSolution
		{8F859E14-D088-4B4E-98F1-FB0519BC906F}.Debug|x64.ActiveCfg = Debug|x64
		{8F859E14-D088-4B4E-98F1-FB0519BC906F}.Debug|x64.Build.0 = Debug|x64
		{8F859E14-D088-4B4E-98F1-FB0519BC906F}.Debug|x86.ActiveCfg = Debug|Win32
		{8F859E14-D088-4B4E-98F1-FB0519BC906F}.Debug|x86.Build.0 = Debug|Win32
		{8F859E14-D088-4B4E-98F1-FB0519BC906F}.Release|x64.ActiveCfg = Release|x64
		{8F859E14-D088-4B4E-98F1-FB0519BC906F}.Release|x64.Build.0 = Release|x64
		{8F859E14-D088-4B4E-98F1-FB0519BC906F}.Release|x86.ActiveCfg = Release|Win32
		{8F859E14-D088-4B4E-98F1-FB0519BC906F}.Release|x86.Build.0 = Release|Win32
	EndGlobalSection
	GlobalSection(SolutionProperties) = preSolution
		HideSolutionNode = FALSE
	EndGlobalSection
	GlobalSection(ExtensibilityGlobals) = postSolution
		SolutionGuid = {C088F86C-8296-460E-9BC1-8CF0C5B48BF2}
	EndGlobalSection
EndGlobal
