
Microsoft Visual Studio Solution File, Format Version 12.00
# Visual Studio Version 16
VisualStudioVersion = 16.0.31105.61
MinimumVisualStudioVersion = 10.0.40219.1
Project("{8BC9CEB8-8B4A-11D0-8D11-00A0C91BC942}") = "baekjoon - 11051", "baekjoon - 11051\baekjoon - 11051.vcxproj", "{8D7049CE-4425-4006-813F-499C4909EEAB}"
EndProject
Global
	GlobalSection(SolutionConfigurationPlatforms) = preSolution
		Debug|x64 = Debug|x64
		Debug|x86 = Debug|x86
		Release|x64 = Release|x64
		Release|x86 = Release|x86
	EndGlobalSection
	GlobalSection(ProjectConfigurationPlatforms) = postSolution
		{8D7049CE-4425-4006-813F-499C4909EEAB}.Debug|x64.ActiveCfg = Debug|x64
		{8D7049CE-4425-4006-813F-499C4909EEAB}.Debug|x64.Build.0 = Debug|x64
		{8D7049CE-4425-4006-813F-499C4909EEAB}.Debug|x86.ActiveCfg = Debug|Win32
		{8D7049CE-4425-4006-813F-499C4909EEAB}.Debug|x86.Build.0 = Debug|Win32
		{8D7049CE-4425-4006-813F-499C4909EEAB}.Release|x64.ActiveCfg = Release|x64
		{8D7049CE-4425-4006-813F-499C4909EEAB}.Release|x64.Build.0 = Release|x64
		{8D7049CE-4425-4006-813F-499C4909EEAB}.Release|x86.ActiveCfg = Release|Win32
		{8D7049CE-4425-4006-813F-499C4909EEAB}.Release|x86.Build.0 = Release|Win32
	EndGlobalSection
	GlobalSection(SolutionProperties) = preSolution
		HideSolutionNode = FALSE
	EndGlobalSection
	GlobalSection(ExtensibilityGlobals) = postSolution
		SolutionGuid = {8115A2B8-A091-441A-B4F2-635F15D79538}
	EndGlobalSection
EndGlobal
