
Microsoft Visual Studio Solution File, Format Version 12.00
# Visual Studio Version 16
VisualStudioVersion = 16.0.31105.61
MinimumVisualStudioVersion = 10.0.40219.1
Project("{8BC9CEB8-8B4A-11D0-8D11-00A0C91BC942}") = "baekjoon - 14889", "baekjoon - 14889\baekjoon - 14889.vcxproj", "{F5DB1F66-E2C9-4C9F-A954-3DD7F44F05BE}"
EndProject
Global
	GlobalSection(SolutionConfigurationPlatforms) = preSolution
		Debug|x64 = Debug|x64
		Debug|x86 = Debug|x86
		Release|x64 = Release|x64
		Release|x86 = Release|x86
	EndGlobalSection
	GlobalSection(ProjectConfigurationPlatforms) = postSolution
		{F5DB1F66-E2C9-4C9F-A954-3DD7F44F05BE}.Debug|x64.ActiveCfg = Debug|x64
		{F5DB1F66-E2C9-4C9F-A954-3DD7F44F05BE}.Debug|x64.Build.0 = Debug|x64
		{F5DB1F66-E2C9-4C9F-A954-3DD7F44F05BE}.Debug|x86.ActiveCfg = Debug|Win32
		{F5DB1F66-E2C9-4C9F-A954-3DD7F44F05BE}.Debug|x86.Build.0 = Debug|Win32
		{F5DB1F66-E2C9-4C9F-A954-3DD7F44F05BE}.Release|x64.ActiveCfg = Release|x64
		{F5DB1F66-E2C9-4C9F-A954-3DD7F44F05BE}.Release|x64.Build.0 = Release|x64
		{F5DB1F66-E2C9-4C9F-A954-3DD7F44F05BE}.Release|x86.ActiveCfg = Release|Win32
		{F5DB1F66-E2C9-4C9F-A954-3DD7F44F05BE}.Release|x86.Build.0 = Release|Win32
	EndGlobalSection
	GlobalSection(SolutionProperties) = preSolution
		HideSolutionNode = FALSE
	EndGlobalSection
	GlobalSection(ExtensibilityGlobals) = postSolution
		SolutionGuid = {5AA143BF-F0EC-4098-A2A1-B4CBAD95E9DD}
	EndGlobalSection
EndGlobal
