
Microsoft Visual Studio Solution File, Format Version 12.00
# Visual Studio Version 16
VisualStudioVersion = 16.0.31105.61
MinimumVisualStudioVersion = 10.0.40219.1
Project("{8BC9CEB8-8B4A-11D0-8D11-00A0C91BC942}") = "baekjoon - 1504", "baekjoon - 1504\baekjoon - 1504.vcxproj", "{E45A5EC2-2E18-406E-B557-285CC0526945}"
EndProject
Global
	GlobalSection(SolutionConfigurationPlatforms) = preSolution
		Debug|x64 = Debug|x64
		Debug|x86 = Debug|x86
		Release|x64 = Release|x64
		Release|x86 = Release|x86
	EndGlobalSection
	GlobalSection(ProjectConfigurationPlatforms) = postSolution
		{E45A5EC2-2E18-406E-B557-285CC0526945}.Debug|x64.ActiveCfg = Debug|x64
		{E45A5EC2-2E18-406E-B557-285CC0526945}.Debug|x64.Build.0 = Debug|x64
		{E45A5EC2-2E18-406E-B557-285CC0526945}.Debug|x86.ActiveCfg = Debug|Win32
		{E45A5EC2-2E18-406E-B557-285CC0526945}.Debug|x86.Build.0 = Debug|Win32
		{E45A5EC2-2E18-406E-B557-285CC0526945}.Release|x64.ActiveCfg = Release|x64
		{E45A5EC2-2E18-406E-B557-285CC0526945}.Release|x64.Build.0 = Release|x64
		{E45A5EC2-2E18-406E-B557-285CC0526945}.Release|x86.ActiveCfg = Release|Win32
		{E45A5EC2-2E18-406E-B557-285CC0526945}.Release|x86.Build.0 = Release|Win32
	EndGlobalSection
	GlobalSection(SolutionProperties) = preSolution
		HideSolutionNode = FALSE
	EndGlobalSection
	GlobalSection(ExtensibilityGlobals) = postSolution
		SolutionGuid = {6EF16115-C1A6-479D-86C2-7460491AEA58}
	EndGlobalSection
EndGlobal
