
Microsoft Visual Studio Solution File, Format Version 12.00
# Visual Studio Version 16
VisualStudioVersion = 16.0.31019.35
MinimumVisualStudioVersion = 10.0.40219.1
Project("{8BC9CEB8-8B4A-11D0-8D11-00A0C91BC942}") = "5.8 선 그리기", "5.8 선 그리기\5.8 선 그리기.vcxproj", "{D9689C12-EFF8-40A6-8C6B-60BD5222FB66}"
EndProject
Global
	GlobalSection(SolutionConfigurationPlatforms) = preSolution
		Debug|x64 = Debug|x64
		Debug|x86 = Debug|x86
		Release|x64 = Release|x64
		Release|x86 = Release|x86
	EndGlobalSection
	GlobalSection(ProjectConfigurationPlatforms) = postSolution
		{D9689C12-EFF8-40A6-8C6B-60BD5222FB66}.Debug|x64.ActiveCfg = Debug|x64
		{D9689C12-EFF8-40A6-8C6B-60BD5222FB66}.Debug|x64.Build.0 = Debug|x64
		{D9689C12-EFF8-40A6-8C6B-60BD5222FB66}.Debug|x86.ActiveCfg = Debug|Win32
		{D9689C12-EFF8-40A6-8C6B-60BD5222FB66}.Debug|x86.Build.0 = Debug|Win32
		{D9689C12-EFF8-40A6-8C6B-60BD5222FB66}.Release|x64.ActiveCfg = Release|x64
		{D9689C12-EFF8-40A6-8C6B-60BD5222FB66}.Release|x64.Build.0 = Release|x64
		{D9689C12-EFF8-40A6-8C6B-60BD5222FB66}.Release|x86.ActiveCfg = Release|Win32
		{D9689C12-EFF8-40A6-8C6B-60BD5222FB66}.Release|x86.Build.0 = Release|Win32
	EndGlobalSection
	GlobalSection(SolutionProperties) = preSolution
		HideSolutionNode = FALSE
	EndGlobalSection
	GlobalSection(ExtensibilityGlobals) = postSolution
		SolutionGuid = {1663CA42-0CD0-4918-AAA3-96D640F285AB}
	EndGlobalSection
EndGlobal
