
Microsoft Visual Studio Solution File, Format Version 12.00
# Visual Studio Version 16
VisualStudioVersion = 16.0.31105.61
MinimumVisualStudioVersion = 10.0.40219.1
Project("{8BC9CEB8-8B4A-11D0-8D11-00A0C91BC942}") = "백준 - 숫자의 합", "백준 - 숫자의 합\백준 - 숫자의 합.vcxproj", "{24DA5E14-01D0-4257-97CD-06F9C68D3167}"
EndProject
Global
	GlobalSection(SolutionConfigurationPlatforms) = preSolution
		Debug|x64 = Debug|x64
		Debug|x86 = Debug|x86
		Release|x64 = Release|x64
		Release|x86 = Release|x86
	EndGlobalSection
	GlobalSection(ProjectConfigurationPlatforms) = postSolution
		{24DA5E14-01D0-4257-97CD-06F9C68D3167}.Debug|x64.ActiveCfg = Debug|x64
		{24DA5E14-01D0-4257-97CD-06F9C68D3167}.Debug|x64.Build.0 = Debug|x64
		{24DA5E14-01D0-4257-97CD-06F9C68D3167}.Debug|x86.ActiveCfg = Debug|Win32
		{24DA5E14-01D0-4257-97CD-06F9C68D3167}.Debug|x86.Build.0 = Debug|Win32
		{24DA5E14-01D0-4257-97CD-06F9C68D3167}.Release|x64.ActiveCfg = Release|x64
		{24DA5E14-01D0-4257-97CD-06F9C68D3167}.Release|x64.Build.0 = Release|x64
		{24DA5E14-01D0-4257-97CD-06F9C68D3167}.Release|x86.ActiveCfg = Release|Win32
		{24DA5E14-01D0-4257-97CD-06F9C68D3167}.Release|x86.Build.0 = Release|Win32
	EndGlobalSection
	GlobalSection(SolutionProperties) = preSolution
		HideSolutionNode = FALSE
	EndGlobalSection
	GlobalSection(ExtensibilityGlobals) = postSolution
		SolutionGuid = {3171E1BC-6A11-4FEC-8BCA-83320C83889B}
	EndGlobalSection
EndGlobal
