
Microsoft Visual Studio Solution File, Format Version 12.00
# Visual Studio Version 16
VisualStudioVersion = 16.0.31105.61
MinimumVisualStudioVersion = 10.0.40219.1
Project("{8BC9CEB8-8B4A-11D0-8D11-00A0C91BC942}") = "백준 - 부녀회장이 될테야", "백준 - 부녀회장이 될테야\백준 - 부녀회장이 될테야.vcxproj", "{1B3D7045-6265-4CAF-9A5D-DFA2CF025D8E}"
EndProject
Global
	GlobalSection(SolutionConfigurationPlatforms) = preSolution
		Debug|x64 = Debug|x64
		Debug|x86 = Debug|x86
		Release|x64 = Release|x64
		Release|x86 = Release|x86
	EndGlobalSection
	GlobalSection(ProjectConfigurationPlatforms) = postSolution
		{1B3D7045-6265-4CAF-9A5D-DFA2CF025D8E}.Debug|x64.ActiveCfg = Debug|x64
		{1B3D7045-6265-4CAF-9A5D-DFA2CF025D8E}.Debug|x64.Build.0 = Debug|x64
		{1B3D7045-6265-4CAF-9A5D-DFA2CF025D8E}.Debug|x86.ActiveCfg = Debug|Win32
		{1B3D7045-6265-4CAF-9A5D-DFA2CF025D8E}.Debug|x86.Build.0 = Debug|Win32
		{1B3D7045-6265-4CAF-9A5D-DFA2CF025D8E}.Release|x64.ActiveCfg = Release|x64
		{1B3D7045-6265-4CAF-9A5D-DFA2CF025D8E}.Release|x64.Build.0 = Release|x64
		{1B3D7045-6265-4CAF-9A5D-DFA2CF025D8E}.Release|x86.ActiveCfg = Release|Win32
		{1B3D7045-6265-4CAF-9A5D-DFA2CF025D8E}.Release|x86.Build.0 = Release|Win32
	EndGlobalSection
	GlobalSection(SolutionProperties) = preSolution
		HideSolutionNode = FALSE
	EndGlobalSection
	GlobalSection(ExtensibilityGlobals) = postSolution
		SolutionGuid = {60D88A1D-29F6-4C59-BC88-828E34AE446A}
	EndGlobalSection
EndGlobal
