
Microsoft Visual Studio Solution File, Format Version 12.00
# Visual Studio Version 16
VisualStudioVersion = 16.0.31105.61
MinimumVisualStudioVersion = 10.0.40219.1
Project("{8BC9CEB8-8B4A-11D0-8D11-00A0C91BC942}") = "백준 - 에디터", "백준 - 에디터\백준 - 에디터.vcxproj", "{2CCADB15-20F4-4497-AD6E-1B65BA14F036}"
EndProject
Global
	GlobalSection(SolutionConfigurationPlatforms) = preSolution
		Debug|x64 = Debug|x64
		Debug|x86 = Debug|x86
		Release|x64 = Release|x64
		Release|x86 = Release|x86
	EndGlobalSection
	GlobalSection(ProjectConfigurationPlatforms) = postSolution
		{2CCADB15-20F4-4497-AD6E-1B65BA14F036}.Debug|x64.ActiveCfg = Debug|x64
		{2CCADB15-20F4-4497-AD6E-1B65BA14F036}.Debug|x64.Build.0 = Debug|x64
		{2CCADB15-20F4-4497-AD6E-1B65BA14F036}.Debug|x86.ActiveCfg = Debug|Win32
		{2CCADB15-20F4-4497-AD6E-1B65BA14F036}.Debug|x86.Build.0 = Debug|Win32
		{2CCADB15-20F4-4497-AD6E-1B65BA14F036}.Release|x64.ActiveCfg = Release|x64
		{2CCADB15-20F4-4497-AD6E-1B65BA14F036}.Release|x64.Build.0 = Release|x64
		{2CCADB15-20F4-4497-AD6E-1B65BA14F036}.Release|x86.ActiveCfg = Release|Win32
		{2CCADB15-20F4-4497-AD6E-1B65BA14F036}.Release|x86.Build.0 = Release|Win32
	EndGlobalSection
	GlobalSection(SolutionProperties) = preSolution
		HideSolutionNode = FALSE
	EndGlobalSection
	GlobalSection(ExtensibilityGlobals) = postSolution
		SolutionGuid = {40CBF1DC-22E3-490A-A2CE-ED9604657EBD}
	EndGlobalSection
EndGlobal
