
Microsoft Visual Studio Solution File, Format Version 12.00
# Visual Studio Version 16
VisualStudioVersion = 16.0.31105.61
MinimumVisualStudioVersion = 10.0.40219.1
Project("{8BC9CEB8-8B4A-11D0-8D11-00A0C91BC942}") = "백준 - 주유소", "백준 - 주유소\백준 - 주유소.vcxproj", "{C3629A49-D501-44CE-ACF5-D3176D3A7B92}"
EndProject
Global
	GlobalSection(SolutionConfigurationPlatforms) = preSolution
		Debug|x64 = Debug|x64
		Debug|x86 = Debug|x86
		Release|x64 = Release|x64
		Release|x86 = Release|x86
	EndGlobalSection
	GlobalSection(ProjectConfigurationPlatforms) = postSolution
		{C3629A49-D501-44CE-ACF5-D3176D3A7B92}.Debug|x64.ActiveCfg = Debug|x64
		{C3629A49-D501-44CE-ACF5-D3176D3A7B92}.Debug|x64.Build.0 = Debug|x64
		{C3629A49-D501-44CE-ACF5-D3176D3A7B92}.Debug|x86.ActiveCfg = Debug|Win32
		{C3629A49-D501-44CE-ACF5-D3176D3A7B92}.Debug|x86.Build.0 = Debug|Win32
		{C3629A49-D501-44CE-ACF5-D3176D3A7B92}.Release|x64.ActiveCfg = Release|x64
		{C3629A49-D501-44CE-ACF5-D3176D3A7B92}.Release|x64.Build.0 = Release|x64
		{C3629A49-D501-44CE-ACF5-D3176D3A7B92}.Release|x86.ActiveCfg = Release|Win32
		{C3629A49-D501-44CE-ACF5-D3176D3A7B92}.Release|x86.Build.0 = Release|Win32
	EndGlobalSection
	GlobalSection(SolutionProperties) = preSolution
		HideSolutionNode = FALSE
	EndGlobalSection
	GlobalSection(ExtensibilityGlobals) = postSolution
		SolutionGuid = {3E30B52D-ABB1-4346-B60C-C5DAF974590F}
	EndGlobalSection
EndGlobal
