
Microsoft Visual Studio Solution File, Format Version 12.00
# Visual Studio Version 16
VisualStudioVersion = 16.0.31105.61
MinimumVisualStudioVersion = 10.0.40219.1
Project("{8BC9CEB8-8B4A-11D0-8D11-00A0C91BC942}") = "백준 - 크로아티아 알파벳", "백준 - 크로아티아 알파벳\백준 - 크로아티아 알파벳.vcxproj", "{D23B9445-049A-460B-B63E-93D2A41CABCD}"
EndProject
Global
	GlobalSection(SolutionConfigurationPlatforms) = preSolution
		Debug|x64 = Debug|x64
		Debug|x86 = Debug|x86
		Release|x64 = Release|x64
		Release|x86 = Release|x86
	EndGlobalSection
	GlobalSection(ProjectConfigurationPlatforms) = postSolution
		{D23B9445-049A-460B-B63E-93D2A41CABCD}.Debug|x64.ActiveCfg = Debug|x64
		{D23B9445-049A-460B-B63E-93D2A41CABCD}.Debug|x64.Build.0 = Debug|x64
		{D23B9445-049A-460B-B63E-93D2A41CABCD}.Debug|x86.ActiveCfg = Debug|Win32
		{D23B9445-049A-460B-B63E-93D2A41CABCD}.Debug|x86.Build.0 = Debug|Win32
		{D23B9445-049A-460B-B63E-93D2A41CABCD}.Release|x64.ActiveCfg = Release|x64
		{D23B9445-049A-460B-B63E-93D2A41CABCD}.Release|x64.Build.0 = Release|x64
		{D23B9445-049A-460B-B63E-93D2A41CABCD}.Release|x86.ActiveCfg = Release|Win32
		{D23B9445-049A-460B-B63E-93D2A41CABCD}.Release|x86.Build.0 = Release|Win32
	EndGlobalSection
	GlobalSection(SolutionProperties) = preSolution
		HideSolutionNode = FALSE
	EndGlobalSection
	GlobalSection(ExtensibilityGlobals) = postSolution
		SolutionGuid = {6C4D366D-D2FD-4D16-9560-E5853B9CFDFD}
	EndGlobalSection
EndGlobal
